
Microsoft Visual Studio Solution File, Format Version 11.00
# Visual Studio 2010
Project("{FAE04EC0-301F-11D3-BF4B-00C04F79EFBC}") = "Clover.Server", "Clover.Server\Clover.Server.csproj", "{8830CC7F-9456-4677-8ABF-80A2FFA5EF54}"
EndProject
Project("{FAE04EC0-301F-11D3-BF4B-00C04F79EFBC}") = "ClientSample", "ClientSample\ClientSample.csproj", "{876F48DC-A72C-4BD1-AEFC-B3EB205B23D7}"
EndProject
Project("{FAE04EC0-301F-11D3-BF4B-00C04F79EFBC}") = "ServerSample", "ServerSample\ServerSample.csproj", "{0EBE6A46-F0B8-4550-BB6F-1C19F851E062}"
EndProject
Project("{FAE04EC0-301F-11D3-BF4B-00C04F79EFBC}") = "UnitTest", "UnitTest\UnitTest.csproj", "{6F8D0F9D-1A10-496E-ABE6-76777813D111}"
EndProject
Project("{FAE04EC0-301F-11D3-BF4B-00C04F79EFBC}") = "Clover.ClientLibrary", "Clover.ClientLibrary\Clover.ClientLibrary.csproj", "{10D92779-F625-4675-9B6E-5E02DB689DAB}"
EndProject
Global
	GlobalSection(TestCaseManagementSettings) = postSolution
		CategoryFile = Clover.Server\Clover.Server.vsmdi
	EndGlobalSection
	GlobalSection(SolutionConfigurationPlatforms) = preSolution
		Debug|Any CPU = Debug|Any CPU
		Debug|Mixed Platforms = Debug|Mixed Platforms
		Debug|x86 = Debug|x86
		Release|Any CPU = Release|Any CPU
		Release|Mixed Platforms = Release|Mixed Platforms
		Release|x86 = Release|x86
	EndGlobalSection
	GlobalSection(ProjectConfigurationPlatforms) = postSolution
		{8830CC7F-9456-4677-8ABF-80A2FFA5EF54}.Debug|Any CPU.ActiveCfg = Debug|Any CPU
		{8830CC7F-9456-4677-8ABF-80A2FFA5EF54}.Debug|Any CPU.Build.0 = Debug|Any CPU
		{8830CC7F-9456-4677-8ABF-80A2FFA5EF54}.Debug|Mixed Platforms.ActiveCfg = Debug|Any CPU
		{8830CC7F-9456-4677-8ABF-80A2FFA5EF54}.Debug|Mixed Platforms.Build.0 = Debug|Any CPU
		{8830CC7F-9456-4677-8ABF-80A2FFA5EF54}.Debug|x86.ActiveCfg = Debug|Any CPU
		{8830CC7F-9456-4677-8ABF-80A2FFA5EF54}.Release|Any CPU.ActiveCfg = Release|Any CPU
		{8830CC7F-9456-4677-8ABF-80A2FFA5EF54}.Release|Any CPU.Build.0 = Release|Any CPU
		{8830CC7F-9456-4677-8ABF-80A2FFA5EF54}.Release|Mixed Platforms.ActiveCfg = Release|Any CPU
		{8830CC7F-9456-4677-8ABF-80A2FFA5EF54}.Release|Mixed Platforms.Build.0 = Release|Any CPU
		{8830CC7F-9456-4677-8ABF-80A2FFA5EF54}.Release|x86.ActiveCfg = Release|Any CPU
		{876F48DC-A72C-4BD1-AEFC-B3EB205B23D7}.Debug|Any CPU.ActiveCfg = Debug|x86
		{876F48DC-A72C-4BD1-AEFC-B3EB205B23D7}.Debug|Mixed Platforms.ActiveCfg = Debug|x86
		{876F48DC-A72C-4BD1-AEFC-B3EB205B23D7}.Debug|Mixed Platforms.Build.0 = Debug|x86
		{876F48DC-A72C-4BD1-AEFC-B3EB205B23D7}.Debug|x86.ActiveCfg = Debug|x86
		{876F48DC-A72C-4BD1-AEFC-B3EB205B23D7}.Debug|x86.Build.0 = Debug|x86
		{876F48DC-A72C-4BD1-AEFC-B3EB205B23D7}.Release|Any CPU.ActiveCfg = Release|x86
		{876F48DC-A72C-4BD1-AEFC-B3EB205B23D7}.Release|Mixed Platforms.ActiveCfg = Release|x86
		{876F48DC-A72C-4BD1-AEFC-B3EB205B23D7}.Release|Mixed Platforms.Build.0 = Release|x86
		{876F48DC-A72C-4BD1-AEFC-B3EB205B23D7}.Release|x86.ActiveCfg = Release|x86
		{876F48DC-A72C-4BD1-AEFC-B3EB205B23D7}.Release|x86.Build.0 = Release|x86
		{0EBE6A46-F0B8-4550-BB6F-1C19F851E062}.Debug|Any CPU.ActiveCfg = Debug|x86
		{0EBE6A46-F0B8-4550-BB6F-1C19F851E062}.Debug|Mixed Platforms.ActiveCfg = Debug|x86
		{0EBE6A46-F0B8-4550-BB6F-1C19F851E062}.Debug|Mixed Platforms.Build.0 = Debug|x86
		{0EBE6A46-F0B8-4550-BB6F-1C19F851E062}.Debug|x86.ActiveCfg = Debug|x86
		{0EBE6A46-F0B8-4550-BB6F-1C19F851E062}.Debug|x86.Build.0 = Debug|x86
		{0EBE6A46-F0B8-4550-BB6F-1C19F851E062}.Release|Any CPU.ActiveCfg = Release|x86
		{0EBE6A46-F0B8-4550-BB6F-1C19F851E062}.Release|Mixed Platforms.ActiveCfg = Release|x86
		{0EBE6A46-F0B8-4550-BB6F-1C19F851E062}.Release|Mixed Platforms.Build.0 = Release|x86
		{0EBE6A46-F0B8-4550-BB6F-1C19F851E062}.Release|x86.ActiveCfg = Release|x86
		{0EBE6A46-F0B8-4550-BB6F-1C19F851E062}.Release|x86.Build.0 = Release|x86
		{6F8D0F9D-1A10-496E-ABE6-76777813D111}.Debug|Any CPU.ActiveCfg = Debug|Any CPU
		{6F8D0F9D-1A10-496E-ABE6-76777813D111}.Debug|Any CPU.Build.0 = Debug|Any CPU
		{6F8D0F9D-1A10-496E-ABE6-76777813D111}.Debug|Mixed Platforms.ActiveCfg = Debug|Any CPU
		{6F8D0F9D-1A10-496E-ABE6-76777813D111}.Debug|Mixed Platforms.Build.0 = Debug|Any CPU
		{6F8D0F9D-1A10-496E-ABE6-76777813D111}.Debug|x86.ActiveCfg = Debug|Any CPU
		{6F8D0F9D-1A10-496E-ABE6-76777813D111}.Release|Any CPU.ActiveCfg = Release|Any CPU
		{6F8D0F9D-1A10-496E-ABE6-76777813D111}.Release|Any CPU.Build.0 = Release|Any CPU
		{6F8D0F9D-1A10-496E-ABE6-76777813D111}.Release|Mixed Platforms.ActiveCfg = Release|Any CPU
		{6F8D0F9D-1A10-496E-ABE6-76777813D111}.Release|Mixed Platforms.Build.0 = Release|Any CPU
		{6F8D0F9D-1A10-496E-ABE6-76777813D111}.Release|x86.ActiveCfg = Release|Any CPU
		{10D92779-F625-4675-9B6E-5E02DB689DAB}.Debug|Any CPU.ActiveCfg = Debug|Any CPU
		{10D92779-F625-4675-9B6E-5E02DB689DAB}.Debug|Any CPU.Build.0 = Debug|Any CPU
		{10D92779-F625-4675-9B6E-5E02DB689DAB}.Debug|Mixed Platforms.ActiveCfg = Debug|Any CPU
		{10D92779-F625-4675-9B6E-5E02DB689DAB}.Debug|Mixed Platforms.Build.0 = Debug|Any CPU
		{10D92779-F625-4675-9B6E-5E02DB689DAB}.Debug|x86.ActiveCfg = Debug|Any CPU
		{10D92779-F625-4675-9B6E-5E02DB689DAB}.Release|Any CPU.ActiveCfg = Release|Any CPU
		{10D92779-F625-4675-9B6E-5E02DB689DAB}.Release|Any CPU.Build.0 = Release|Any CPU
		{10D92779-F625-4675-9B6E-5E02DB689DAB}.Release|Mixed Platforms.ActiveCfg = Release|Any CPU
		{10D92779-F625-4675-9B6E-5E02DB689DAB}.Release|Mixed Platforms.Build.0 = Release|Any CPU
		{10D92779-F625-4675-9B6E-5E02DB689DAB}.Release|x86.ActiveCfg = Release|Any CPU
	EndGlobalSection
	GlobalSection(SolutionProperties) = preSolution
		HideSolutionNode = FALSE
	EndGlobalSection
EndGlobal
